
Microsoft Visual Studio Solution File, Format Version 12.00
# Visual Studio Version 16
VisualStudioVersion = 16.0.30611.23
MinimumVisualStudioVersion = 10.0.40219.1
Project("{FAE04EC0-301F-11D3-BF4B-00C04F79EFBC}") = "CakeStoreApi", "CakeStoreApi.csproj", "{024FA8E3-0563-4E03-9956-73DFF2109D0E}"
EndProject
Global
	GlobalSection(SolutionConfigurationPlatforms) = preSolution
		Debug|Any CPU = Debug|Any CPU
		Release|Any CPU = Release|Any CPU
	EndGlobalSection
	GlobalSection(ProjectConfigurationPlatforms) = postSolution
		{024FA8E3-0563-4E03-9956-73DFF2109D0E}.Debug|Any CPU.ActiveCfg = Debug|Any CPU
		{024FA8E3-0563-4E03-9956-73DFF2109D0E}.Debug|Any CPU.Build.0 = Debug|Any CPU
		{024FA8E3-0563-4E03-9956-73DFF2109D0E}.Release|Any CPU.ActiveCfg = Release|Any CPU
		{024FA8E3-0563-4E03-9956-73DFF2109D0E}.Release|Any CPU.Build.0 = Release|Any CPU
	EndGlobalSection
	GlobalSection(SolutionProperties) = preSolution
		HideSolutionNode = FALSE
	EndGlobalSection
	GlobalSection(ExtensibilityGlobals) = postSolution
		SolutionGuid = {4BE82C10-E0C0-4EF3-95D8-5865095FB5F0}
	EndGlobalSection
EndGlobal
